
Microsoft Visual Studio Solution File, Format Version 12.00
# Visual Studio Version 17
VisualStudioVersion = 17.10.35027.167
MinimumVisualStudioVersion = 10.0.40219.1
Project("{FAE04EC0-301F-11D3-BF4B-00C04F79EFBC}") = "NMusicPlayerV2", "NMusicPlayerV2\NMusicPlayerV2.csproj", "{89310708-786F-4309-89F8-AF3376649B4C}"
EndProject
Global
	GlobalSection(SolutionConfigurationPlatforms) = preSolution
		Debug|Any CPU = Debug|Any CPU
		Release|Any CPU = Release|Any CPU
	EndGlobalSection
	GlobalSection(ProjectConfigurationPlatforms) = postSolution
		{89310708-786F-4309-89F8-AF3376649B4C}.Debug|Any CPU.ActiveCfg = Debug|Any CPU
		{89310708-786F-4309-89F8-AF3376649B4C}.Debug|Any CPU.Build.0 = Debug|Any CPU
		{89310708-786F-4309-89F8-AF3376649B4C}.Release|Any CPU.ActiveCfg = Release|Any CPU
		{89310708-786F-4309-89F8-AF3376649B4C}.Release|Any CPU.Build.0 = Release|Any CPU
	EndGlobalSection
	GlobalSection(SolutionProperties) = preSolution
		HideSolutionNode = FALSE
	EndGlobalSection
	GlobalSection(ExtensibilityGlobals) = postSolution
		SolutionGuid = {15E5F0DA-5F0C-4196-BF71-5F7A2CBAB63D}
	EndGlobalSection
EndGlobal
